// !$*UTF8*$!
{
	archiveVersion = 1;
	classes = {
	};
	objectVersion = 48;
	objects = {

/* Begin PBXBuildFile section */
		842D78E81F83215B00214939 /* AppDelegate.swift in Sources */ = {isa = PBXBuildFile; fileRef = 842D78E71F83215B00214939 /* AppDelegate.swift */; };
		842D78EA1F83215B00214939 /* ViewController.swift in Sources */ = {isa = PBXBuildFile; fileRef = 842D78E91F83215B00214939 /* ViewController.swift */; };
		842D78ED1F83215B00214939 /* Main.storyboard in Resources */ = {isa = PBXBuildFile; fileRef = 842D78EB1F83215B00214939 /* Main.storyboard */; };
		842D78EF1F83215B00214939 /* Assets.xcassets in Resources */ = {isa = PBXBuildFile; fileRef = 842D78EE1F83215B00214939 /* Assets.xcassets */; };
		842D78F21F83215B00214939 /* LaunchScreen.storyboard in Resources */ = {isa = PBXBuildFile; fileRef = 842D78F01F83215B00214939 /* LaunchScreen.storyboard */; };
		842D78FD1F83215C00214939 /* Assignment3Tests.swift in Sources */ = {isa = PBXBuildFile; fileRef = 842D78FC1F83215C00214939 /* Assignment3Tests.swift */; };
		842D79081F83215C00214939 /* Assignment3UITests.swift in Sources */ = {isa = PBXBuildFile; fileRef = 842D79071F83215C00214939 /* Assignment3UITests.swift */; };
/* End PBXBuildFile section */

/* Begin PBXContainerItemProxy section */
		842D78F91F83215C00214939 /* PBXContainerItemProxy */ = {
			isa = PBXContainerItemProxy;
			containerPortal = 842D78DC1F83215B00214939 /* Project object */;
			proxyType = 1;
			remoteGlobalIDString = 842D78E31F83215B00214939;
			remoteInfo = Assignment3;
		};
		842D79041F83215C00214939 /* PBXContainerItemProxy */ = {
			isa = PBXContainerItemProxy;
			containerPortal = 842D78DC1F83215B00214939 /* Project object */;
			proxyType = 1;
			remoteGlobalIDString = 842D78E31F83215B00214939;
			remoteInfo = Assignment3;
		};
/* End PBXContainerItemProxy section */

/* Begin PBXFileReference section */
		842D78E41F83215B00214939 /* Assignment3.app */ = {isa = PBXFileReference; explicitFileType = wrapper.application; includeInIndex = 0; path = Assignment3.app; sourceTree = BUILT_PRODUCTS_DIR; };
		842D78E71F83215B00214939 /* AppDelegate.swift */ = {isa = PBXFileReference; lastKnownFileType = sourcecode.swift; path = AppDelegate.swift; sourceTree = "<group>"; };
		842D78E91F83215B00214939 /* ViewController.swift */ = {isa = PBXFileReference; lastKnownFileType = sourcecode.swift; path = ViewController.swift; sourceTree = "<group>"; };
		842D78EC1F83215B00214939 /* Base */ = {isa = PBXFileReference; lastKnownFileType = file.storyboard; name = Base; path = Base.lproj/Main.storyboard; sourceTree = "<group>"; };
		842D78EE1F83215B00214939 /* Assets.xcassets */ = {isa = PBXFileReference; lastKnownFileType = folder.assetcatalog; path = Assets.xcassets; sourceTree = "<group>"; };
		842D78F11F83215B00214939 /* Base */ = {isa = PBXFileReference; lastKnownFileType = file.storyboard; name = Base; path = Base.lproj/LaunchScreen.storyboard; sourceTree = "<group>"; };
		842D78F31F83215C00214939 /* Info.plist */ = {isa = PBXFileReference; lastKnownFileType = text.plist.xml; path = Info.plist; sourceTree = "<group>"; };
		842D78F81F83215C00214939 /* Assignment3Tests.xctest */ = {isa = PBXFileReference; explicitFileType = wrapper.cfbundle; includeInIndex = 0; path = Assignment3Tests.xctest; sourceTree = BUILT_PRODUCTS_DIR; };
		842D78FC1F83215C00214939 /* Assignment3Tests.swift */ = {isa = PBXFileReference; lastKnownFileType = sourcecode.swift; path = Assignment3Tests.swift; sourceTree = "<group>"; };
		842D78FE1F83215C00214939 /* Info.plist */ = {isa = PBXFileReference; lastKnownFileType = text.plist.xml; path = Info.plist; sourceTree = "<group>"; };
		842D79031F83215C00214939 /* Assignment3UITests.xctest */ = {isa = PBXFileReference; explicitFileType = wrapper.cfbundle; includeInIndex = 0; path = Assignment3UITests.xctest; sourceTree = BUILT_PRODUCTS_DIR; };
		842D79071F83215C00214939 /* Assignment3UITests.swift */ = {isa = PBXFileReference; lastKnownFileType = sourcecode.swift; path = Assignment3UITests.swift; sourceTree = "<group>"; };
		842D79091F83215C00214939 /* Info.plist */ = {isa = PBXFileReference; lastKnownFileType = text.plist.xml; path = Info.plist; sourceTree = "<group>"; };
/* End PBXFileReference section */

/* Begin PBXFrameworksBuildPhase section */
		842D78E11F83215B00214939 /* Frameworks */ = {
			isa = PBXFrameworksBuildPhase;
			buildActionMask = 2147483647;
			files = (
			);
			runOnlyForDeploymentPostprocessing = 0;
		};
		842D78F51F83215C00214939 /* Frameworks */ = {
			isa = PBXFrameworksBuildPhase;
			buildActionMask = 2147483647;
			files = (
			);
			runOnlyForDeploymentPostprocessing = 0;
		};
		842D79001F83215C00214939 /* Frameworks */ = {
			isa = PBXFrameworksBuildPhase;
			buildActionMask = 2147483647;
			files = (
			);
			runOnlyForDeploymentPostprocessing = 0;
		};
/* End PBXFrameworksBuildPhase section */

/* Begin PBXGroup section */
		842D78DB1F83215B00214939 = {
			isa = PBXGroup;
			children = (
				842D78E61F83215B00214939 /* Assignment3 */,
				842D78FB1F83215C00214939 /* Assignment3Tests */,
				842D79061F83215C00214939 /* Assignment3UITests */,
				842D78E51F83215B00214939 /* Products */,
			);
			sourceTree = "<group>";
		};
		842D78E51F83215B00214939 /* Products */ = {
			isa = PBXGroup;
			children = (
				842D78E41F83215B00214939 /* Assignment3.app */,
				842D78F81F83215C00214939 /* Assignment3Tests.xctest */,
				842D79031F83215C00214939 /* Assignment3UITests.xctest */,
			);
			name = Products;
			sourceTree = "<group>";
		};
		842D78E61F83215B00214939 /* Assignment3 */ = {
			isa = PBXGroup;
			children = (
				842D78E71F83215B00214939 /* AppDelegate.swift */,
				842D78E91F83215B00214939 /* ViewController.swift */,
				842D78EB1F83215B00214939 /* Main.storyboard */,
				842D78EE1F83215B00214939 /* Assets.xcassets */,
				842D78F01F83215B00214939 /* LaunchScreen.storyboard */,
				842D78F31F83215C00214939 /* Info.plist */,
			);
			path = Assignment3;
			sourceTree = "<group>";
		};
		842D78FB1F83215C00214939 /* Assignment3Tests */ = {
			isa = PBXGroup;
			children = (
				842D78FC1F83215C00214939 /* Assignment3Tests.swift */,
				842D78FE1F83215C00214939 /* Info.plist */,
			);
			path = Assignment3Tests;
			sourceTree = "<group>";
		};
		842D79061F83215C00214939 /* Assignment3UITests */ = {
			isa = PBXGroup;
			children = (
				842D79071F83215C00214939 /* Assignment3UITests.swift */,
				842D79091F83215C00214939 /* Info.plist */,
			);
			path = Assignment3UITests;
			sourceTree = "<group>";
		};
/* End PBXGroup section */

/* Begin PBXNativeTarget section */
		842D78E31F83215B00214939 /* Assignment3 */ = {
			isa = PBXNativeTarget;
			buildConfigurationList = 842D790C1F83215C00214939 /* Build configuration list for PBXNativeTarget "Assignment3" */;
			buildPhases = (
				842D78E01F83215B00214939 /* Sources */,
				842D78E11F83215B00214939 /* Frameworks */,
				842D78E21F83215B00214939 /* Resources */,
			);
			buildRules = (
			);
			dependencies = (
			);
			name = Assignment3;
			productName = Assignment3;
			productReference = 842D78E41F83215B00214939 /* Assignment3.app */;
			productType = "com.apple.product-type.application";
		};
		842D78F71F83215C00214939 /* Assignment3Tests */ = {
			isa = PBXNativeTarget;
			buildConfigurationList = 842D790F1F83215C00214939 /* Build configuration list for PBXNativeTarget "Assignment3Tests" */;
			buildPhases = (
				842D78F41F83215C00214939 /* Sources */,
				842D78F51F83215C00214939 /* Frameworks */,
				842D78F61F83215C00214939 /* Resources */,
			);
			buildRules = (
			);
			dependencies = (
				842D78FA1F83215C00214939 /* PBXTargetDependency */,
			);
			name = Assignment3Tests;
			productName = Assignment3Tests;
			productReference = 842D78F81F83215C00214939 /* Assignment3Tests.xctest */;
			productType = "com.apple.product-type.bundle.unit-test";
		};
		842D79021F83215C00214939 /* Assignment3UITests */ = {
			isa = PBXNativeTarget;
			buildConfigurationList = 842D79121F83215C00214939 /* Build configuration list for PBXNativeTarget "Assignment3UITests" */;
			buildPhases = (
				842D78FF1F83215C00214939 /* Sources */,
				842D79001F83215C00214939 /* Frameworks */,
				842D79011F83215C00214939 /* Resources */,
			);
			buildRules = (
			);
			dependencies = (
				842D79051F83215C00214939 /* PBXTargetDependency */,
			);
			name = Assignment3UITests;
			productName = Assignment3UITests;
			productReference = 842D79031F83215C00214939 /* Assignment3UITests.xctest */;
			productType = "com.apple.product-type.bundle.ui-testing";
		};
/* End PBXNativeTarget section */

/* Begin PBXProject section */
		842D78DC1F83215B00214939 /* Project object */ = {
			isa = PBXProject;
			attributes = {
				LastSwiftUpdateCheck = 0900;
				LastUpgradeCheck = 0900;
				ORGANIZATIONNAME = "Hera Siddiqui";
				TargetAttributes = {
					842D78E31F83215B00214939 = {
						CreatedOnToolsVersion = 9.0;
						ProvisioningStyle = Automatic;
					};
					842D78F71F83215C00214939 = {
						CreatedOnToolsVersion = 9.0;
						ProvisioningStyle = Automatic;
						TestTargetID = 842D78E31F83215B00214939;
					};
					842D79021F83215C00214939 = {
						CreatedOnToolsVersion = 9.0;
						ProvisioningStyle = Automatic;
						TestTargetID = 842D78E31F83215B00214939;
					};
				};
			};
			buildConfigurationList = 842D78DF1F83215B00214939 /* Build configuration list for PBXProject "Assignment3" */;
			compatibilityVersion = "Xcode 8.0";
			developmentRegion = en;
			hasScannedForEncodings = 0;
			knownRegions = (
				en,
				Base,
			);
			mainGroup = 842D78DB1F83215B00214939;
			productRefGroup = 842D78E51F83215B00214939 /* Products */;
			projectDirPath = "";
			projectRoot = "";
			targets = (
				842D78E31F83215B00214939 /* Assignment3 */,
				842D78F71F83215C00214939 /* Assignment3Tests */,
				842D79021F83215C00214939 /* Assignment3UITests */,
			);
		};
/* End PBXProject section */

/* Begin PBXResourcesBuildPhase section */
		842D78E21F83215B00214939 /* Resources */ = {
			isa = PBXResourcesBuildPhase;
			buildActionMask = 2147483647;
			files = (
				842D78F21F83215B00214939 /* LaunchScreen.storyboard in Resources */,
				842D78EF1F83215B00214939 /* Assets.xcassets in Resources */,
				842D78ED1F83215B00214939 /* Main.storyboard in Resources */,
			);
			runOnlyForDeploymentPostprocessing = 0;
		};
		842D78F61F83215C00214939 /* Resources */ = {
			isa = PBXResourcesBuildPhase;
			buildActionMask = 2147483647;
			files = (
			);
			runOnlyForDeploymentPostprocessing = 0;
		};
		842D79011F83215C00214939 /* Resources */ = {
			isa = PBXResourcesBuildPhase;
			buildActionMask = 2147483647;
			files = (
			);
			runOnlyForDeploymentPostprocessing = 0;
		};
/* End PBXResourcesBuildPhase section */

/* Begin PBXSourcesBuildPhase section */
		842D78E01F83215B00214939 /* Sources */ = {
			isa = PBXSourcesBuildPhase;
			buildActionMask = 2147483647;
			files = (
				842D78EA1F83215B00214939 /* ViewController.swift in Sources */,
				842D78E81F83215B00214939 /* AppDelegate.swift in Sources */,
			);
			runOnlyForDeploymentPostprocessing = 0;
		};
		842D78F41F83215C00214939 /* Sources */ = {
			isa = PBXSourcesBuildPhase;
			buildActionMask = 2147483647;
			files = (
				842D78FD1F83215C00214939 /* Assignment3Tests.swift in Sources */,
			);
			runOnlyForDeploymentPostprocessing = 0;
		};
		842D78FF1F83215C00214939 /* Sources */ = {
			isa = PBXSourcesBuildPhase;
			buildActionMask = 2147483647;
			files = (
				842D79081F83215C00214939 /* Assignment3UITests.swift in Sources */,
			);
			runOnlyForDeploymentPostprocessing = 0;
		};
/* End PBXSourcesBuildPhase section */

/* Begin PBXTargetDependency section */
		842D78FA1F83215C00214939 /* PBXTargetDependency */ = {
			isa = PBXTargetDependency;
			target = 842D78E31F83215B00214939 /* Assignment3 */;
			targetProxy = 842D78F91F83215C00214939 /* PBXContainerItemProxy */;
		};
		842D79051F83215C00214939 /* PBXTargetDependency */ = {
			isa = PBXTargetDependency;
			target = 842D78E31F83215B00214939 /* Assignment3 */;
			targetProxy = 842D79041F83215C00214939 /* PBXContainerItemProxy */;
		};
/* End PBXTargetDependency section */

/* Begin PBXVariantGroup section */
		842D78EB1F83215B00214939 /* Main.storyboard */ = {
			isa = PBXVariantGroup;
			children = (
				842D78EC1F83215B00214939 /* Base */,
			);
			name = Main.storyboard;
			sourceTree = "<group>";
		};
		842D78F01F83215B00214939 /* LaunchScreen.storyboard */ = {
			isa = PBXVariantGroup;
			children = (
				842D78F11F83215B00214939 /* Base */,
			);
			name = LaunchScreen.storyboard;
			sourceTree = "<group>";
		};
/* End PBXVariantGroup section */

/* Begin XCBuildConfiguration section */
		842D790A1F83215C00214939 /* Debug */ = {
			isa = XCBuildConfiguration;
			buildSettings = {
				ALWAYS_SEARCH_USER_PATHS = NO;
				CLANG_ANALYZER_NONNULL = YES;
				CLANG_ANALYZER_NUMBER_OBJECT_CONVERSION = YES_AGGRESSIVE;
				CLANG_CXX_LANGUAGE_STANDARD = "gnu++14";
				CLANG_CXX_LIBRARY = "libc++";
				CLANG_ENABLE_MODULES = YES;
				CLANG_ENABLE_OBJC_ARC = YES;
				CLANG_WARN_BLOCK_CAPTURE_AUTORELEASING = YES;
				CLANG_WARN_BOOL_CONVERSION = YES;
				CLANG_WARN_COMMA = YES;
				CLANG_WARN_CONSTANT_CONVERSION = YES;
				CLANG_WARN_DIRECT_OBJC_ISA_USAGE = YES_ERROR;
				CLANG_WARN_DOCUMENTATION_COMMENTS = YES;
				CLANG_WARN_EMPTY_BODY = YES;
				CLANG_WARN_ENUM_CONVERSION = YES;
				CLANG_WARN_INFINITE_RECURSION = YES;
				CLANG_WARN_INT_CONVERSION = YES;
				CLANG_WARN_NON_LITERAL_NULL_CONVERSION = YES;
				CLANG_WARN_OBJC_LITERAL_CONVERSION = YES;
				CLANG_WARN_OBJC_ROOT_CLASS = YES_ERROR;
				CLANG_WARN_RANGE_LOOP_ANALYSIS = YES;
				CLANG_WARN_STRICT_PROTOTYPES = YES;
				CLANG_WARN_SUSPICIOUS_MOVE = YES;
				CLANG_WARN_UNGUARDED_AVAILABILITY = YES_AGGRESSIVE;
				CLANG_WARN_UNREACHABLE_CODE = YES;
				CLANG_WARN__DUPLICATE_METHOD_MATCH = YES;
				CODE_SIGN_IDENTITY = "iPhone Developer";
				COPY_PHASE_STRIP = NO;
				DEBUG_INFORMATION_FORMAT = dwarf;
				ENABLE_STRICT_OBJC_MSGSEND = YES;
				ENABLE_TESTABILITY = YES;
				GCC_C_LANGUAGE_STANDARD = gnu11;
				GCC_DYNAMIC_NO_PIC = NO;
				GCC_NO_COMMON_BLOCKS = YES;
				GCC_OPTIMIZATION_LEVEL = 0;
				GCC_PREPROCESSOR_DEFINITIONS = (
					"DEBUG=1",
					"$(inherited)",
				);
				GCC_WARN_64_TO_32_BIT_CONVERSION = YES;
				GCC_WARN_ABOUT_RETURN_TYPE = YES_ERROR;
				GCC_WARN_UNDECLARED_SELECTOR = YES;
				GCC_WARN_UNINITIALIZED_AUTOS = YES_AGGRESSIVE;
				GCC_WARN_UNUSED_FUNCTION = YES;
				GCC_WARN_UNUSED_VARIABLE = YES;
				IPHONEOS_DEPLOYMENT_TARGET = 11.0;
				MTL_ENABLE_DEBUG_INFO = YES;
				ONLY_ACTIVE_ARCH = YES;
				SDKROOT = iphoneos;
				SWIFT_ACTIVE_COMPILATION_CONDITIONS = DEBUG;
				SWIFT_OPTIMIZATION_LEVEL = "-Onone";
			};
			name = Debug;
		};
		842D790B1F83215C00214939 /* Release */ = {
			isa = XCBuildConfiguration;
			buildSettings = {
				ALWAYS_SEARCH_USER_PATHS = NO;
				CLANG_ANALYZER_NONNULL = YES;
				CLANG_ANALYZER_NUMBER_OBJECT_CONVERSION = YES_AGGRESSIVE;
				CLANG_CXX_LANGUAGE_STANDARD = "gnu++14";
				CLANG_CXX_LIBRARY = "libc++";
				CLANG_ENABLE_MODULES = YES;
				CLANG_ENABLE_OBJC_ARC = YES;
				CLANG_WARN_BLOCK_CAPTURE_AUTORELEASING = YES;
				CLANG_WARN_BOOL_CONVERSION = YES;
				CLANG_WARN_COMMA = YES;
				CLANG_WARN_CONSTANT_CONVERSION = YES;
				CLANG_WARN_DIRECT_OBJC_ISA_USAGE = YES_ERROR;
				CLANG_WARN_DOCUMENTATION_COMMENTS = YES;
				CLANG_WARN_EMPTY_BODY = YES;
				CLANG_WARN_ENUM_CONVERSION = YES;
				CLANG_WARN_INFINITE_RECURSION = YES;
				CLANG_WARN_INT_CONVERSION = YES;
				CLANG_WARN_NON_LITERAL_NULL_CONVERSION = YES;
				CLANG_WARN_OBJC_LITERAL_CONVERSION = YES;
				CLANG_WARN_OBJC_ROOT_CLASS = YES_ERROR;
				CLANG_WARN_RANGE_LOOP_ANALYSIS = YES;
				CLANG_WARN_STRICT_PROTOTYPES = YES;
				CLANG_WARN_SUSPICIOUS_MOVE = YES;
				CLANG_WARN_UNGUARDED_AVAILABILITY = YES_AGGRESSIVE;
				CLANG_WARN_UNREACHABLE_CODE = YES;
				CLANG_WARN__DUPLICATE_METHOD_MATCH = YES;
				CODE_SIGN_IDENTITY = "iPhone Developer";
				COPY_PHASE_STRIP = NO;
				DEBUG_INFORMATION_FORMAT = "dwarf-with-dsym";
				ENABLE_NS_ASSERTIONS = NO;
				ENABLE_STRICT_OBJC_MSGSEND = YES;
				GCC_C_LANGUAGE_STANDARD = gnu11;
				GCC_NO_COMMON_BLOCKS = YES;
				GCC_WARN_64_TO_32_BIT_CONVERSION = YES;
				GCC_WARN_ABOUT_RETURN_TYPE = YES_ERROR;
				GCC_WARN_UNDECLARED_SELECTOR = YES;
				GCC_WARN_UNINITIALIZED_AUTOS = YES_AGGRESSIVE;
				GCC_WARN_UNUSED_FUNCTION = YES;
				GCC_WARN_UNUSED_VARIABLE = YES;
				IPHONEOS_DEPLOYMENT_TARGET = 11.0;
				MTL_ENABLE_DEBUG_INFO = NO;
				SDKROOT = iphoneos;
				SWIFT_OPTIMIZATION_LEVEL = "-Owholemodule";
				VALIDATE_PRODUCT = YES;
			};
			name = Release;
		};
		842D790D1F83215C00214939 /* Debug */ = {
			isa = XCBuildConfiguration;
			buildSettings = {
				ASSETCATALOG_COMPILER_APPICON_NAME = AppIcon;
				CODE_SIGN_STYLE = Automatic;
				INFOPLIST_FILE = Assignment3/Info.plist;
				LD_RUNPATH_SEARCH_PATHS = "$(inherited) @executable_path/Frameworks";
				PRODUCT_BUNDLE_IDENTIFIER = com.siddiquihera.Assignment3;
				PRODUCT_NAME = "$(TARGET_NAME)";
				SWIFT_VERSION = 4.0;
				TARGETED_DEVICE_FAMILY = "1,2";
			};
			name = Debug;
		};
		842D790E1F83215C00214939 /* Release */ = {
			isa = XCBuildConfiguration;
			buildSettings = {
				ASSETCATALOG_COMPILER_APPICON_NAME = AppIcon;
				CODE_SIGN_STYLE = Automatic;
				INFOPLIST_FILE = Assignment3/Info.plist;
				LD_RUNPATH_SEARCH_PATHS = "$(inherited) @executable_path/Frameworks";
				PRODUCT_BUNDLE_IDENTIFIER = com.siddiquihera.Assignment3;
				PRODUCT_NAME = "$(TARGET_NAME)";
				SWIFT_VERSION = 4.0;
				TARGETED_DEVICE_FAMILY = "1,2";
			};
			name = Release;
		};
		842D79101F83215C00214939 /* Debug */ = {
			isa = XCBuildConfiguration;
			buildSettings = {
				ALWAYS_EMBED_SWIFT_STANDARD_LIBRARIES = YES;
				BUNDLE_LOADER = "$(TEST_HOST)";
				CODE_SIGN_STYLE = Automatic;
				INFOPLIST_FILE = Assignment3Tests/Info.plist;
				LD_RUNPATH_SEARCH_PATHS = "$(inherited) @executable_path/Frameworks @loader_path/Frameworks";
				PRODUCT_BUNDLE_IDENTIFIER = com.siddiquihera.Assignment3Tests;
				PRODUCT_NAME = "$(TARGET_NAME)";
				SWIFT_VERSION = 4.0;
				TARGETED_DEVICE_FAMILY = "1,2";
				TEST_HOST = "$(BUILT_PRODUCTS_DIR)/Assignment3.app/Assignment3";
			};
			name = Debug;
		};
		842D79111F83215C00214939 /* Release */ = {
			isa = XCBuildConfiguration;
			buildSettings = {
				ALWAYS_EMBED_SWIFT_STANDARD_LIBRARIES = YES;
				BUNDLE_LOADER = "$(TEST_HOST)";
				CODE_SIGN_STYLE = Automatic;
				INFOPLIST_FILE = Assignment3Tests/Info.plist;
				LD_RUNPATH_SEARCH_PATHS = "$(inherited) @executable_path/Frameworks @loader_path/Frameworks";
				PRODUCT_BUNDLE_IDENTIFIER = com.siddiquihera.Assignment3Tests;
				PRODUCT_NAME = "$(TARGET_NAME)";
				SWIFT_VERSION = 4.0;
				TARGETED_DEVICE_FAMILY = "1,2";
				TEST_HOST = "$(BUILT_PRODUCTS_DIR)/Assignment3.app/Assignment3";
			};
			name = Release;
		};
		842D79131F83215C00214939 /* Debug */ = {
			isa = XCBuildConfiguration;
			buildSettings = {
				ALWAYS_EMBED_SWIFT_STANDARD_LIBRARIES = YES;
				CODE_SIGN_STYLE = Automatic;
				INFOPLIST_FILE = Assignment3UITests/Info.plist;
				LD_RUNPATH_SEARCH_PATHS = "$(inherited) @executable_path/Frameworks @loader_path/Frameworks";
				PRODUCT_BUNDLE_IDENTIFIER = com.siddiquihera.Assignment3UITests;
				PRODUCT_NAME = "$(TARGET_NAME)";
				SWIFT_VERSION = 4.0;
				TARGETED_DEVICE_FAMILY = "1,2";
				TEST_TARGET_NAME = Assignment3;
			};
			name = Debug;
		};
		842D79141F83215C00214939 /* Release */ = {
			isa = XCBuildConfiguration;
			buildSettings = {
				ALWAYS_EMBED_SWIFT_STANDARD_LIBRARIES = YES;
				CODE_SIGN_STYLE = Automatic;
				INFOPLIST_FILE = Assignment3UITests/Info.plist;
				LD_RUNPATH_SEARCH_PATHS = "$(inherited) @executable_path/Frameworks @loader_path/Frameworks";
				PRODUCT_BUNDLE_IDENTIFIER = com.siddiquihera.Assignment3UITests;
				PRODUCT_NAME = "$(TARGET_NAME)";
				SWIFT_VERSION = 4.0;
				TARGETED_DEVICE_FAMILY = "1,2";
				TEST_TARGET_NAME = Assignment3;
			};
			name = Release;
		};
/* End XCBuildConfiguration section */

/* Begin XCConfigurationList section */
		842D78DF1F83215B00214939 /* Build configuration list for PBXProject "Assignment3" */ = {
			isa = XCConfigurationList;
			buildConfigurations = (
				842D790A1F83215C00214939 /* Debug */,
				842D790B1F83215C00214939 /* Release */,
			);
			defaultConfigurationIsVisible = 0;
			defaultConfigurationName = Release;
		};
		842D790C1F83215C00214939 /* Build configuration list for PBXNativeTarget "Assignment3" */ = {
			isa = XCConfigurationList;
			buildConfigurations = (
				842D790D1F83215C00214939 /* Debug */,
				842D790E1F83215C00214939 /* Release */,
			);
			defaultConfigurationIsVisible = 0;
			defaultConfigurationName = Release;
		};
		842D790F1F83215C00214939 /* Build configuration list for PBXNativeTarget "Assignment3Tests" */ = {
			isa = XCConfigurationList;
			buildConfigurations = (
				842D79101F83215C00214939 /* Debug */,
				842D79111F83215C00214939 /* Release */,
			);
			defaultConfigurationIsVisible = 0;
			defaultConfigurationName = Release;
		};
		842D79121F83215C00214939 /* Build configuration list for PBXNativeTarget "Assignment3UITests" */ = {
			isa = XCConfigurationList;
			buildConfigurations = (
				842D79131F83215C00214939 /* Debug */,
				842D79141F83215C00214939 /* Release */,
			);
			defaultConfigurationIsVisible = 0;
			defaultConfigurationName = Release;
		};
/* End XCConfigurationList section */
	};
	rootObject = 842D78DC1F83215B00214939 /* Project object */;
}
